
Microsoft Visual Studio Solution File, Format Version 12.00
# Visual Studio 14
VisualStudioVersion = 14.0.24720.0
MinimumVisualStudioVersion = 10.0.40219.1
Project("{FAE04EC0-301F-11D3-BF4B-00C04F79EFBC}") = "ServiceLibrary", "ServiceLibrary\ServiceLibrary.csproj", "{C2C2EC19-C919-46F7-8695-6885BC9DF850}"
EndProject
Project("{FAE04EC0-301F-11D3-BF4B-00C04F79EFBC}") = "ContractTestWindow", "ContractTestWindow\ContractTestWindow.csproj", "{33F7B7FA-6201-4FE6-AE30-082EC5AB119E}"
	ProjectSection(ProjectDependencies) = postProject
		{C2C2EC19-C919-46F7-8695-6885BC9DF850} = {C2C2EC19-C919-46F7-8695-6885BC9DF850}
	EndProjectSection
EndProject
Global
	GlobalSection(SolutionConfigurationPlatforms) = preSolution
		Debug|Any CPU = Debug|Any CPU
		Release|Any CPU = Release|Any CPU
	EndGlobalSection
	GlobalSection(ProjectConfigurationPlatforms) = postSolution
		{C2C2EC19-C919-46F7-8695-6885BC9DF850}.Debug|Any CPU.ActiveCfg = Debug|Any CPU
		{C2C2EC19-C919-46F7-8695-6885BC9DF850}.Debug|Any CPU.Build.0 = Debug|Any CPU
		{C2C2EC19-C919-46F7-8695-6885BC9DF850}.Release|Any CPU.ActiveCfg = Release|Any CPU
		{C2C2EC19-C919-46F7-8695-6885BC9DF850}.Release|Any CPU.Build.0 = Release|Any CPU
		{33F7B7FA-6201-4FE6-AE30-082EC5AB119E}.Debug|Any CPU.ActiveCfg = Debug|Any CPU
		{33F7B7FA-6201-4FE6-AE30-082EC5AB119E}.Debug|Any CPU.Build.0 = Debug|Any CPU
		{33F7B7FA-6201-4FE6-AE30-082EC5AB119E}.Release|Any CPU.ActiveCfg = Release|Any CPU
		{33F7B7FA-6201-4FE6-AE30-082EC5AB119E}.Release|Any CPU.Build.0 = Release|Any CPU
	EndGlobalSection
	GlobalSection(SolutionProperties) = preSolution
		HideSolutionNode = FALSE
	EndGlobalSection
EndGlobal
